
Microsoft Visual Studio Solution File, Format Version 12.00
# Visual Studio Version 17
VisualStudioVersion = 17.4.33213.308
MinimumVisualStudioVersion = 10.0.40219.1
Project("{FAE04EC0-301F-11D3-BF4B-00C04F79EFBC}") = "Projet_Nasa_SAKOA_Etia", "Projet_Nasa_SAKOA_Etia.csproj", "{04776311-7ABC-4436-846E-6247702F2BFC}"
EndProject
Global
	GlobalSection(SolutionConfigurationPlatforms) = preSolution
		Debug|Any CPU = Debug|Any CPU
		Release|Any CPU = Release|Any CPU
	EndGlobalSection
	GlobalSection(ProjectConfigurationPlatforms) = postSolution
		{04776311-7ABC-4436-846E-6247702F2BFC}.Debug|Any CPU.ActiveCfg = Debug|Any CPU
		{04776311-7ABC-4436-846E-6247702F2BFC}.Debug|Any CPU.Build.0 = Debug|Any CPU
		{04776311-7ABC-4436-846E-6247702F2BFC}.Release|Any CPU.ActiveCfg = Release|Any CPU
		{04776311-7ABC-4436-846E-6247702F2BFC}.Release|Any CPU.Build.0 = Release|Any CPU
	EndGlobalSection
	GlobalSection(SolutionProperties) = preSolution
		HideSolutionNode = FALSE
	EndGlobalSection
	GlobalSection(ExtensibilityGlobals) = postSolution
		SolutionGuid = {BF9043E5-C26C-4613-96A7-53D10F00D2F5}
	EndGlobalSection
EndGlobal
