<?xml version="1.0" encoding="UTF-8" standalone="yes" ?>
<CodeBlocks_project_file>
	<FileVersion major="1" minor="6" />
	<Project>
		<Option title="projet_c" />
		<Option pch_mode="2" />
		<Option compiler="gcc" />
		<Build>
			<Target title="Debug">
				<Option output="bin/Debug/projet_c" prefix_auto="1" extension_auto="1" />
				<Option object_output="obj/Debug/" />
				<Option type="1" />
				<Option compiler="gcc" />
				<Compiler>
					<Add option="-g" />
				</Compiler>
			</Target>
			<Target title="Release">
				<Option output="bin/Release/projet_c" prefix_auto="1" extension_auto="1" />
				<Option object_output="obj/Release/" />
				<Option type="1" />
				<Option compiler="gcc" />
				<Compiler>
					<Add option="-O2" />
				</Compiler>
				<Linker>
					<Add option="-s" />
				</Linker>
			</Target>
		</Build>
		<Compiler>
			<Add option="-Wall" />
		</Compiler>
		<Unit filename="droite.c">
			<Option compilerVar="CC" />
		</Unit>
		<Unit filename="gauche.c">
			<Option compilerVar="CC" />
		</Unit>
		<Unit filename="main.c">
			<Option compilerVar="CC" />
		</Unit>
		<Unit filename="niveau_1.c">
			<Option compilerVar="CC" />
		</Unit>
		<Unit filename="niveau_10.c">
			<Option compilerVar="CC" />
		</Unit>
		<Unit filename="niveau_11.c">
			<Option compilerVar="CC" />
		</Unit>
		<Unit filename="niveau_12.c">
			<Option compilerVar="CC" />
		</Unit>
		<Unit filename="niveau_13.c">
			<Option compilerVar="CC" />
		</Unit>
		<Unit filename="niveau_14.c">
			<Option compilerVar="CC" />
		</Unit>
		<Unit filename="niveau_15.c">
			<Option compilerVar="CC" />
		</Unit>
		<Unit filename="niveau_16.c">
			<Option compilerVar="CC" />
		</Unit>
		<Unit filename="niveau_17.c">
			<Option compilerVar="CC" />
		</Unit>
		<Unit filename="niveau_18.c">
			<Option compilerVar="CC" />
		</Unit>
		<Unit filename="niveau_19.c">
			<Option compilerVar="CC" />
		</Unit>
		<Unit filename="niveau_2.c">
			<Option compilerVar="CC" />
		</Unit>
		<Unit filename="niveau_20.c">
			<Option compilerVar="CC" />
		</Unit>
		<Unit filename="niveau_21.c">
			<Option compilerVar="CC" />
		</Unit>
		<Unit filename="niveau_22.c">
			<Option compilerVar="CC" />
		</Unit>
		<Unit filename="niveau_23.c">
			<Option compilerVar="CC" />
		</Unit>
		<Unit filename="niveau_24.c">
			<Option compilerVar="CC" />
		</Unit>
		<Unit filename="niveau_25.c">
			<Option compilerVar="CC" />
		</Unit>
		<Unit filename="niveau_26.c">
			<Option compilerVar="CC" />
		</Unit>
		<Unit filename="niveau_27.c">
			<Option compilerVar="CC" />
		</Unit>
		<Unit filename="niveau_28.c">
			<Option compilerVar="CC" />
		</Unit>
		<Unit filename="niveau_29.c">
			<Option compilerVar="CC" />
		</Unit>
		<Unit filename="niveau_3.c">
			<Option compilerVar="CC" />
		</Unit>
		<Unit filename="niveau_30.c">
			<Option compilerVar="CC" />
		</Unit>
		<Unit filename="niveau_4.c">
			<Option compilerVar="CC" />
		</Unit>
		<Unit filename="niveau_5.c">
			<Option compilerVar="CC" />
		</Unit>
		<Unit filename="niveau_6.c">
			<Option compilerVar="CC" />
		</Unit>
		<Unit filename="niveau_7.c">
			<Option compilerVar="CC" />
		</Unit>
		<Unit filename="niveau_8.c">
			<Option compilerVar="CC" />
		</Unit>
		<Unit filename="niveau_9.c">
			<Option compilerVar="CC" />
		</Unit>
		<Extensions />
	</Project>
</CodeBlocks_project_file>
